
Microsoft Visual Studio Solution File, Format Version 12.00
# Visual Studio Version 16
VisualStudioVersion = 16.0.809.6
MinimumVisualStudioVersion = 10.0.40219.1
Project("{FAE04EC0-301F-11D3-BF4B-00C04F79EFBC}") = "StarterGame", "StarterGame.csproj", "{FCF517D5-3A6D-4330-BD6D-131E559A7BAD}"
EndProject
Global
	GlobalSection(SolutionConfigurationPlatforms) = preSolution
		Debug|Any CPU = Debug|Any CPU
		Release|Any CPU = Release|Any CPU
	EndGlobalSection
	GlobalSection(ProjectConfigurationPlatforms) = postSolution
		{FCF517D5-3A6D-4330-BD6D-131E559A7BAD}.Debug|Any CPU.ActiveCfg = Debug|Any CPU
		{FCF517D5-3A6D-4330-BD6D-131E559A7BAD}.Debug|Any CPU.Build.0 = Debug|Any CPU
		{FCF517D5-3A6D-4330-BD6D-131E559A7BAD}.Release|Any CPU.ActiveCfg = Release|Any CPU
		{FCF517D5-3A6D-4330-BD6D-131E559A7BAD}.Release|Any CPU.Build.0 = Release|Any CPU
	EndGlobalSection
	GlobalSection(SolutionProperties) = preSolution
		HideSolutionNode = FALSE
	EndGlobalSection
	GlobalSection(ExtensibilityGlobals) = postSolution
		SolutionGuid = {F63EEA40-718E-466C-AE8A-283F9BF3FC06}
	EndGlobalSection
EndGlobal
